
Microsoft Visual Studio Solution File, Format Version 12.00
# Visual Studio Version 17
VisualStudioVersion = 17.10.35122.118
MinimumVisualStudioVersion = 10.0.40219.1
Project("{FAE04EC0-301F-11D3-BF4B-00C04F79EFBC}") = "SJPkgBuilder", "SJPkgBuilder\SJPkgBuilder.csproj", "{F59D0AC1-0E8A-4BD7-AB71-F226B2D2B3D2}"
EndProject
Global
	GlobalSection(SolutionConfigurationPlatforms) = preSolution
		Debug|Any CPU = Debug|Any CPU
		Release|Any CPU = Release|Any CPU
	EndGlobalSection
	GlobalSection(ProjectConfigurationPlatforms) = postSolution
		{F59D0AC1-0E8A-4BD7-AB71-F226B2D2B3D2}.Debug|Any CPU.ActiveCfg = Debug|Any CPU
		{F59D0AC1-0E8A-4BD7-AB71-F226B2D2B3D2}.Debug|Any CPU.Build.0 = Debug|Any CPU
		{F59D0AC1-0E8A-4BD7-AB71-F226B2D2B3D2}.Release|Any CPU.ActiveCfg = Release|Any CPU
		{F59D0AC1-0E8A-4BD7-AB71-F226B2D2B3D2}.Release|Any CPU.Build.0 = Release|Any CPU
	EndGlobalSection
	GlobalSection(SolutionProperties) = preSolution
		HideSolutionNode = FALSE
	EndGlobalSection
	GlobalSection(ExtensibilityGlobals) = postSolution
		SolutionGuid = {966BC4C4-A01C-4F83-8C85-2CF7A821DA90}
	EndGlobalSection
EndGlobal
